
Microsoft Visual Studio Solution File, Format Version 12.00
# Visual Studio 2012
Project("{FAE04EC0-301F-11D3-BF4B-00C04F79EFBC}") = "Legacy", "Legacy\Legacy.csproj", "{42C295FB-8765-4629-9FDA-80B6CF836D2B}"
EndProject
Project("{FAE04EC0-301F-11D3-BF4B-00C04F79EFBC}") = "Legacy.Tests", "Legacy.Tests\Legacy.Tests.csproj", "{336937D1-3FAE-4190-B177-771A9E005127}"
EndProject
Project("{F088123C-0E9E-452A-89E6-6BA2F21D5CAC}") = "ModelingProject1", "ModelingProject1\ModelingProject1.modelproj", "{6477B6C6-F81D-4F2C-A753-283F26B0E206}"
EndProject
Global
	GlobalSection(SolutionConfigurationPlatforms) = preSolution
		Debug|Any CPU = Debug|Any CPU
		Release|Any CPU = Release|Any CPU
	EndGlobalSection
	GlobalSection(ProjectConfigurationPlatforms) = postSolution
		{42C295FB-8765-4629-9FDA-80B6CF836D2B}.Debug|Any CPU.ActiveCfg = Debug|Any CPU
		{42C295FB-8765-4629-9FDA-80B6CF836D2B}.Debug|Any CPU.Build.0 = Debug|Any CPU
		{42C295FB-8765-4629-9FDA-80B6CF836D2B}.Release|Any CPU.ActiveCfg = Release|Any CPU
		{42C295FB-8765-4629-9FDA-80B6CF836D2B}.Release|Any CPU.Build.0 = Release|Any CPU
		{336937D1-3FAE-4190-B177-771A9E005127}.Debug|Any CPU.ActiveCfg = Debug|Any CPU
		{336937D1-3FAE-4190-B177-771A9E005127}.Debug|Any CPU.Build.0 = Debug|Any CPU
		{336937D1-3FAE-4190-B177-771A9E005127}.Release|Any CPU.ActiveCfg = Release|Any CPU
		{336937D1-3FAE-4190-B177-771A9E005127}.Release|Any CPU.Build.0 = Release|Any CPU
		{6477B6C6-F81D-4F2C-A753-283F26B0E206}.Debug|Any CPU.ActiveCfg = Debug|Any CPU
		{6477B6C6-F81D-4F2C-A753-283F26B0E206}.Debug|Any CPU.Build.0 = Debug|Any CPU
		{6477B6C6-F81D-4F2C-A753-283F26B0E206}.Release|Any CPU.ActiveCfg = Release|Any CPU
		{6477B6C6-F81D-4F2C-A753-283F26B0E206}.Release|Any CPU.Build.0 = Release|Any CPU
	EndGlobalSection
	GlobalSection(SolutionProperties) = preSolution
		HideSolutionNode = FALSE
	EndGlobalSection
EndGlobal
