
Microsoft Visual Studio Solution File, Format Version 11.00
# Visual Studio 2010
Project("{FAE04EC0-301F-11D3-BF4B-00C04F79EFBC}") = "ClassLibrary", "ClassLibrary\ClassLibrary.csproj", "{191B255D-F142-4896-B60D-2F5601F92F46}"
EndProject
Project("{FAE04EC0-301F-11D3-BF4B-00C04F79EFBC}") = "ClassLibrary.Tests", "ClassLibrary.Tests\ClassLibrary.Tests.csproj", "{926A184E-DF53-4DEF-8E03-DB0E73836D99}"
EndProject
Global
	GlobalSection(SolutionConfigurationPlatforms) = preSolution
		Debug|Any CPU = Debug|Any CPU
		Release|Any CPU = Release|Any CPU
	EndGlobalSection
	GlobalSection(ProjectConfigurationPlatforms) = postSolution
		{191B255D-F142-4896-B60D-2F5601F92F46}.Debug|Any CPU.ActiveCfg = Debug|Any CPU
		{191B255D-F142-4896-B60D-2F5601F92F46}.Debug|Any CPU.Build.0 = Debug|Any CPU
		{191B255D-F142-4896-B60D-2F5601F92F46}.Release|Any CPU.ActiveCfg = Release|Any CPU
		{191B255D-F142-4896-B60D-2F5601F92F46}.Release|Any CPU.Build.0 = Release|Any CPU
		{926A184E-DF53-4DEF-8E03-DB0E73836D99}.Debug|Any CPU.ActiveCfg = Debug|Any CPU
		{926A184E-DF53-4DEF-8E03-DB0E73836D99}.Debug|Any CPU.Build.0 = Debug|Any CPU
		{926A184E-DF53-4DEF-8E03-DB0E73836D99}.Release|Any CPU.ActiveCfg = Release|Any CPU
		{926A184E-DF53-4DEF-8E03-DB0E73836D99}.Release|Any CPU.Build.0 = Release|Any CPU
	EndGlobalSection
	GlobalSection(SolutionProperties) = preSolution
		HideSolutionNode = FALSE
	EndGlobalSection
EndGlobal
